
Microsoft Visual Studio Solution File, Format Version 12.00
# Visual Studio Version 17
VisualStudioVersion = 17.6.33801.468
MinimumVisualStudioVersion = 10.0.40219.1
Project("{FAE04EC0-301F-11D3-BF4B-00C04F79EFBC}") = "Server_Escape", "Server_Escape\Server_Escape.csproj", "{DAC18F8D-1219-48D8-8EFF-7C54C5D77F40}"
EndProject
Global
	GlobalSection(SolutionConfigurationPlatforms) = preSolution
		Debug|Any CPU = Debug|Any CPU
		Release|Any CPU = Release|Any CPU
	EndGlobalSection
	GlobalSection(ProjectConfigurationPlatforms) = postSolution
		{DAC18F8D-1219-48D8-8EFF-7C54C5D77F40}.Debug|Any CPU.ActiveCfg = Debug|Any CPU
		{DAC18F8D-1219-48D8-8EFF-7C54C5D77F40}.Debug|Any CPU.Build.0 = Debug|Any CPU
		{DAC18F8D-1219-48D8-8EFF-7C54C5D77F40}.Release|Any CPU.ActiveCfg = Release|Any CPU
		{DAC18F8D-1219-48D8-8EFF-7C54C5D77F40}.Release|Any CPU.Build.0 = Release|Any CPU
	EndGlobalSection
	GlobalSection(SolutionProperties) = preSolution
		HideSolutionNode = FALSE
	EndGlobalSection
	GlobalSection(ExtensibilityGlobals) = postSolution
		SolutionGuid = {708F6C66-78BA-497A-BFE1-7B72B5AFE4C1}
	EndGlobalSection
EndGlobal
